{
  "name": "ohmyform",
  "version": "1.0.3",
  "lockfileVersion": 2,
  "requires": true,
  "packages": {
    "": {
      "name": "ohmyform",
      "version": "1.0.3",
      "license": "AGPL-3.0-or-later",
      "engines": {
        "node": "^12 || ^14 || ^16",
        "yarn": "1.x"
      }
    }
  }
}
